<Solution>
  <Project Path="Ecommerce.UserService.API/Ecommerce.UserServiceAPI.csproj" />
  <Project Path="Ecommerce.UserService.Core/Ecommerce.UserService.Core.csproj" Id="73634509-d18e-4ac7-bcc3-d58587cc0112" />
  <Project Path="Ecommerce.UserService.Infrastructure/Ecommerce.UserService.Infrastructure.csproj" />
</Solution>
